
Microsoft Visual Studio Solution File, Format Version 12.00
# Visual Studio Version 16
VisualStudioVersion = 16.0.30011.22
MinimumVisualStudioVersion = 10.0.40219.1
Project("{FAE04EC0-301F-11D3-BF4B-00C04F79EFBC}") = "PropertyLookup", "PropertyLookup\PropertyLookup.csproj", "{43DBD956-35A4-4A40-AD46-2ADA0ABD9B4A}"
EndProject
Project("{FAE04EC0-301F-11D3-BF4B-00C04F79EFBC}") = "System.Model", "System.Model\System.Model.csproj", "{8A6448AF-0713-481C-BDB1-4A8D9857D945}"
EndProject
Project("{FAE04EC0-301F-11D3-BF4B-00C04F79EFBC}") = "System.DAL", "System.DAL\System.DAL.csproj", "{2A024073-3E8C-4AE7-B21F-F53AEC66F03F}"
EndProject
Project("{FAE04EC0-301F-11D3-BF4B-00C04F79EFBC}") = "System.Utility", "System.Utility\System.Utility.csproj", "{723519D5-6E65-492F-8415-BE419668D777}"
EndProject
Project("{FAE04EC0-301F-11D3-BF4B-00C04F79EFBC}") = "System.Repository", "System.Repository\System.Repository.csproj", "{1257BF6D-491C-4EE6-BB7B-C90163B9DC38}"
EndProject
Global
	GlobalSection(SolutionConfigurationPlatforms) = preSolution
		Debug|Any CPU = Debug|Any CPU
		Release|Any CPU = Release|Any CPU
	EndGlobalSection
	GlobalSection(ProjectConfigurationPlatforms) = postSolution
		{43DBD956-35A4-4A40-AD46-2ADA0ABD9B4A}.Debug|Any CPU.ActiveCfg = Debug|Any CPU
		{43DBD956-35A4-4A40-AD46-2ADA0ABD9B4A}.Debug|Any CPU.Build.0 = Debug|Any CPU
		{43DBD956-35A4-4A40-AD46-2ADA0ABD9B4A}.Release|Any CPU.ActiveCfg = Release|Any CPU
		{43DBD956-35A4-4A40-AD46-2ADA0ABD9B4A}.Release|Any CPU.Build.0 = Release|Any CPU
		{8A6448AF-0713-481C-BDB1-4A8D9857D945}.Debug|Any CPU.ActiveCfg = Debug|Any CPU
		{8A6448AF-0713-481C-BDB1-4A8D9857D945}.Debug|Any CPU.Build.0 = Debug|Any CPU
		{8A6448AF-0713-481C-BDB1-4A8D9857D945}.Release|Any CPU.ActiveCfg = Release|Any CPU
		{8A6448AF-0713-481C-BDB1-4A8D9857D945}.Release|Any CPU.Build.0 = Release|Any CPU
		{2A024073-3E8C-4AE7-B21F-F53AEC66F03F}.Debug|Any CPU.ActiveCfg = Debug|Any CPU
		{2A024073-3E8C-4AE7-B21F-F53AEC66F03F}.Debug|Any CPU.Build.0 = Debug|Any CPU
		{2A024073-3E8C-4AE7-B21F-F53AEC66F03F}.Release|Any CPU.ActiveCfg = Release|Any CPU
		{2A024073-3E8C-4AE7-B21F-F53AEC66F03F}.Release|Any CPU.Build.0 = Release|Any CPU
		{723519D5-6E65-492F-8415-BE419668D777}.Debug|Any CPU.ActiveCfg = Debug|Any CPU
		{723519D5-6E65-492F-8415-BE419668D777}.Debug|Any CPU.Build.0 = Debug|Any CPU
		{723519D5-6E65-492F-8415-BE419668D777}.Release|Any CPU.ActiveCfg = Release|Any CPU
		{723519D5-6E65-492F-8415-BE419668D777}.Release|Any CPU.Build.0 = Release|Any CPU
		{1257BF6D-491C-4EE6-BB7B-C90163B9DC38}.Debug|Any CPU.ActiveCfg = Debug|Any CPU
		{1257BF6D-491C-4EE6-BB7B-C90163B9DC38}.Debug|Any CPU.Build.0 = Debug|Any CPU
		{1257BF6D-491C-4EE6-BB7B-C90163B9DC38}.Release|Any CPU.ActiveCfg = Release|Any CPU
		{1257BF6D-491C-4EE6-BB7B-C90163B9DC38}.Release|Any CPU.Build.0 = Release|Any CPU
	EndGlobalSection
	GlobalSection(SolutionProperties) = preSolution
		HideSolutionNode = FALSE
	EndGlobalSection
	GlobalSection(ExtensibilityGlobals) = postSolution
		SolutionGuid = {652DEC92-A28C-4D1B-BA89-67461C86B3A0}
	EndGlobalSection
EndGlobal
